
Microsoft Visual Studio Solution File, Format Version 12.00
# Visual Studio Version 17
VisualStudioVersion = 17.2.32516.85
MinimumVisualStudioVersion = 10.0.40219.1
Project("{2150E333-8FDC-42A3-9474-1A3956D46DE8}") = "0-Domain", "0-Domain", "{9D1AB5CB-36BE-4F14-AE6B-B6822BDD69BF}"
EndProject
Project("{2150E333-8FDC-42A3-9474-1A3956D46DE8}") = "1-Tests", "1-Tests", "{CB101613-A75B-4D6C-9C48-56F874B64BD1}"
EndProject
Project("{2150E333-8FDC-42A3-9474-1A3956D46DE8}") = "2-Infra", "2-Infra", "{7A19E67C-11BC-4217-AB7B-151171E41E38}"
EndProject
Project("{2150E333-8FDC-42A3-9474-1A3956D46DE8}") = "3-Application", "3-Application", "{DCD29C48-10B2-41BA-9E24-C7184ED3F5B7}"
EndProject
Project("{2150E333-8FDC-42A3-9474-1A3956D46DE8}") = "4-API", "4-API", "{F8400DD8-1185-4225-BEA6-ECD95E23AE59}"
EndProject
Project("{2150E333-8FDC-42A3-9474-1A3956D46DE8}") = "5-Presentation", "5-Presentation", "{3AB3A05D-86D7-45D1-B4B0-A4F753A341FE}"
EndProject
Project("{FAE04EC0-301F-11D3-BF4B-00C04F79EFBC}") = "Switch.Domain", "Switch.Domain\Switch.Domain.csproj", "{0B88D416-B64A-479A-B790-37CBEC2EB99B}"
EndProject
Project("{FAE04EC0-301F-11D3-BF4B-00C04F79EFBC}") = "Switch.Domain.Tests", "Switch.Domain.Tests\Switch.Domain.Tests.csproj", "{760FEDFB-D2A3-4C4A-A2FE-24D167FD9B07}"
EndProject
Project("{2150E333-8FDC-42A3-9474-1A3956D46DE8}") = "2.1-CrossCutting", "2.1-CrossCutting", "{4DEB33E3-D115-499F-B537-67A80E198C70}"
EndProject
Project("{2150E333-8FDC-42A3-9474-1A3956D46DE8}") = "2.2-Data", "2.2-Data", "{205D0770-9C56-4349-ACD8-2477E22DFCCD}"
EndProject
Project("{FAE04EC0-301F-11D3-BF4B-00C04F79EFBC}") = "Switch.Infra.Data", "Switch.Infra.Data\Switch.Infra.Data.csproj", "{A7B5B52C-D53D-4BEB-927F-D80E86FB0B08}"
EndProject
Project("{FAE04EC0-301F-11D3-BF4B-00C04F79EFBC}") = "Switch.Application", "Switch.Application\Switch.Application.csproj", "{492E2E3D-9A4B-465B-85F7-AC88E7C0A50A}"
EndProject
Project("{FAE04EC0-301F-11D3-BF4B-00C04F79EFBC}") = "Switch.API", "Switch.API\Switch.API.csproj", "{42C7D37F-C54B-4FA7-AC1B-70B0A9C1998B}"
EndProject
Global
	GlobalSection(SolutionConfigurationPlatforms) = preSolution
		Debug|Any CPU = Debug|Any CPU
		Release|Any CPU = Release|Any CPU
	EndGlobalSection
	GlobalSection(ProjectConfigurationPlatforms) = postSolution
		{0B88D416-B64A-479A-B790-37CBEC2EB99B}.Debug|Any CPU.ActiveCfg = Debug|Any CPU
		{0B88D416-B64A-479A-B790-37CBEC2EB99B}.Debug|Any CPU.Build.0 = Debug|Any CPU
		{0B88D416-B64A-479A-B790-37CBEC2EB99B}.Release|Any CPU.ActiveCfg = Release|Any CPU
		{0B88D416-B64A-479A-B790-37CBEC2EB99B}.Release|Any CPU.Build.0 = Release|Any CPU
		{760FEDFB-D2A3-4C4A-A2FE-24D167FD9B07}.Debug|Any CPU.ActiveCfg = Debug|Any CPU
		{760FEDFB-D2A3-4C4A-A2FE-24D167FD9B07}.Debug|Any CPU.Build.0 = Debug|Any CPU
		{760FEDFB-D2A3-4C4A-A2FE-24D167FD9B07}.Release|Any CPU.ActiveCfg = Release|Any CPU
		{760FEDFB-D2A3-4C4A-A2FE-24D167FD9B07}.Release|Any CPU.Build.0 = Release|Any CPU
		{A7B5B52C-D53D-4BEB-927F-D80E86FB0B08}.Debug|Any CPU.ActiveCfg = Debug|Any CPU
		{A7B5B52C-D53D-4BEB-927F-D80E86FB0B08}.Debug|Any CPU.Build.0 = Debug|Any CPU
		{A7B5B52C-D53D-4BEB-927F-D80E86FB0B08}.Release|Any CPU.ActiveCfg = Release|Any CPU
		{A7B5B52C-D53D-4BEB-927F-D80E86FB0B08}.Release|Any CPU.Build.0 = Release|Any CPU
		{492E2E3D-9A4B-465B-85F7-AC88E7C0A50A}.Debug|Any CPU.ActiveCfg = Debug|Any CPU
		{492E2E3D-9A4B-465B-85F7-AC88E7C0A50A}.Debug|Any CPU.Build.0 = Debug|Any CPU
		{492E2E3D-9A4B-465B-85F7-AC88E7C0A50A}.Release|Any CPU.ActiveCfg = Release|Any CPU
		{492E2E3D-9A4B-465B-85F7-AC88E7C0A50A}.Release|Any CPU.Build.0 = Release|Any CPU
		{42C7D37F-C54B-4FA7-AC1B-70B0A9C1998B}.Debug|Any CPU.ActiveCfg = Debug|Any CPU
		{42C7D37F-C54B-4FA7-AC1B-70B0A9C1998B}.Debug|Any CPU.Build.0 = Debug|Any CPU
		{42C7D37F-C54B-4FA7-AC1B-70B0A9C1998B}.Release|Any CPU.ActiveCfg = Release|Any CPU
		{42C7D37F-C54B-4FA7-AC1B-70B0A9C1998B}.Release|Any CPU.Build.0 = Release|Any CPU
	EndGlobalSection
	GlobalSection(SolutionProperties) = preSolution
		HideSolutionNode = FALSE
	EndGlobalSection
	GlobalSection(NestedProjects) = preSolution
		{0B88D416-B64A-479A-B790-37CBEC2EB99B} = {9D1AB5CB-36BE-4F14-AE6B-B6822BDD69BF}
		{760FEDFB-D2A3-4C4A-A2FE-24D167FD9B07} = {CB101613-A75B-4D6C-9C48-56F874B64BD1}
		{4DEB33E3-D115-499F-B537-67A80E198C70} = {7A19E67C-11BC-4217-AB7B-151171E41E38}
		{205D0770-9C56-4349-ACD8-2477E22DFCCD} = {7A19E67C-11BC-4217-AB7B-151171E41E38}
		{A7B5B52C-D53D-4BEB-927F-D80E86FB0B08} = {205D0770-9C56-4349-ACD8-2477E22DFCCD}
		{492E2E3D-9A4B-465B-85F7-AC88E7C0A50A} = {DCD29C48-10B2-41BA-9E24-C7184ED3F5B7}
		{42C7D37F-C54B-4FA7-AC1B-70B0A9C1998B} = {F8400DD8-1185-4225-BEA6-ECD95E23AE59}
	EndGlobalSection
	GlobalSection(ExtensibilityGlobals) = postSolution
		SolutionGuid = {25119E48-12E1-4864-98DB-5FB5CDAC8B4F}
	EndGlobalSection
EndGlobal
